
Microsoft Visual Studio Solution File, Format Version 12.00
# Visual Studio Version 17
VisualStudioVersion = 17.0.32602.201
MinimumVisualStudioVersion = 10.0.40219.1
Project("{FAE04EC0-301F-11D3-BF4B-00C04F79EFBC}") = "ACME.CONSOLE", "ACME.CONSOLE\ACME.CONSOLE.csproj", "{70B22EE9-F2D7-460F-88A2-8A9F63AC8231}"
EndProject
Project("{FAE04EC0-301F-11D3-BF4B-00C04F79EFBC}") = "ACME.BL", "ACME.BL\ACME.BL.csproj", "{A430D87D-78E5-4753-9EA4-5B32B260FB0B}"
EndProject
Project("{FAE04EC0-301F-11D3-BF4B-00C04F79EFBC}") = "ACME.BL.Test", "ACME.BL.Test\ACME.BL.Test.csproj", "{BADC82DF-B3AD-4E81-A9E6-8AAE265DE043}"
EndProject
Global
	GlobalSection(SolutionConfigurationPlatforms) = preSolution
		Debug|Any CPU = Debug|Any CPU
		Release|Any CPU = Release|Any CPU
	EndGlobalSection
	GlobalSection(ProjectConfigurationPlatforms) = postSolution
		{70B22EE9-F2D7-460F-88A2-8A9F63AC8231}.Debug|Any CPU.ActiveCfg = Debug|Any CPU
		{70B22EE9-F2D7-460F-88A2-8A9F63AC8231}.Debug|Any CPU.Build.0 = Debug|Any CPU
		{70B22EE9-F2D7-460F-88A2-8A9F63AC8231}.Release|Any CPU.ActiveCfg = Release|Any CPU
		{70B22EE9-F2D7-460F-88A2-8A9F63AC8231}.Release|Any CPU.Build.0 = Release|Any CPU
		{A430D87D-78E5-4753-9EA4-5B32B260FB0B}.Debug|Any CPU.ActiveCfg = Debug|Any CPU
		{A430D87D-78E5-4753-9EA4-5B32B260FB0B}.Debug|Any CPU.Build.0 = Debug|Any CPU
		{A430D87D-78E5-4753-9EA4-5B32B260FB0B}.Release|Any CPU.ActiveCfg = Release|Any CPU
		{A430D87D-78E5-4753-9EA4-5B32B260FB0B}.Release|Any CPU.Build.0 = Release|Any CPU
		{BADC82DF-B3AD-4E81-A9E6-8AAE265DE043}.Debug|Any CPU.ActiveCfg = Debug|Any CPU
		{BADC82DF-B3AD-4E81-A9E6-8AAE265DE043}.Debug|Any CPU.Build.0 = Debug|Any CPU
		{BADC82DF-B3AD-4E81-A9E6-8AAE265DE043}.Release|Any CPU.ActiveCfg = Release|Any CPU
		{BADC82DF-B3AD-4E81-A9E6-8AAE265DE043}.Release|Any CPU.Build.0 = Release|Any CPU
	EndGlobalSection
	GlobalSection(SolutionProperties) = preSolution
		HideSolutionNode = FALSE
	EndGlobalSection
	GlobalSection(ExtensibilityGlobals) = postSolution
		SolutionGuid = {495A8111-3743-4A7B-9DD9-8F0D9304CAD4}
	EndGlobalSection
EndGlobal
